
Microsoft Visual Studio Solution File, Format Version 12.00
# Visual Studio Version 17
VisualStudioVersion = 17.3.32929.385
MinimumVisualStudioVersion = 10.0.40219.1
Project("{FAE04EC0-301F-11D3-BF4B-00C04F79EFBC}") = "Introducerz", "Introducerz\Introducerz.csproj", "{0792374B-DA5C-4703-B929-1BD68AC64D52}"
EndProject
Project("{FAE04EC0-301F-11D3-BF4B-00C04F79EFBC}") = "Peerz", "Peerz\Peerz.csproj", "{2860A5CF-61A3-4244-AC40-AD2DD5962899}"
EndProject
Project("{FAE04EC0-301F-11D3-BF4B-00C04F79EFBC}") = "TcpHolePunchingz", "TcpHolePunchingz\TcpHolePunchingz.csproj", "{6FBB7B39-543F-48C3-A6D8-35F8E7E4522A}"
EndProject
Global
	GlobalSection(SolutionConfigurationPlatforms) = preSolution
		Debug|Any CPU = Debug|Any CPU
		Debug|Mixed Platforms = Debug|Mixed Platforms
		Debug|x86 = Debug|x86
		Release|Any CPU = Release|Any CPU
		Release|Mixed Platforms = Release|Mixed Platforms
		Release|x86 = Release|x86
	EndGlobalSection
	GlobalSection(ProjectConfigurationPlatforms) = postSolution
		{0792374B-DA5C-4703-B929-1BD68AC64D52}.Debug|Any CPU.ActiveCfg = Debug|Any CPU
		{0792374B-DA5C-4703-B929-1BD68AC64D52}.Debug|Any CPU.Build.0 = Debug|Any CPU
		{0792374B-DA5C-4703-B929-1BD68AC64D52}.Debug|Mixed Platforms.ActiveCfg = Debug|Any CPU
		{0792374B-DA5C-4703-B929-1BD68AC64D52}.Debug|Mixed Platforms.Build.0 = Debug|Any CPU
		{0792374B-DA5C-4703-B929-1BD68AC64D52}.Debug|x86.ActiveCfg = Debug|Any CPU
		{0792374B-DA5C-4703-B929-1BD68AC64D52}.Debug|x86.Build.0 = Debug|Any CPU
		{0792374B-DA5C-4703-B929-1BD68AC64D52}.Release|Any CPU.ActiveCfg = Release|Any CPU
		{0792374B-DA5C-4703-B929-1BD68AC64D52}.Release|Any CPU.Build.0 = Release|Any CPU
		{0792374B-DA5C-4703-B929-1BD68AC64D52}.Release|Mixed Platforms.ActiveCfg = Release|Any CPU
		{0792374B-DA5C-4703-B929-1BD68AC64D52}.Release|Mixed Platforms.Build.0 = Release|Any CPU
		{0792374B-DA5C-4703-B929-1BD68AC64D52}.Release|x86.ActiveCfg = Release|Any CPU
		{0792374B-DA5C-4703-B929-1BD68AC64D52}.Release|x86.Build.0 = Release|Any CPU
		{2860A5CF-61A3-4244-AC40-AD2DD5962899}.Debug|Any CPU.ActiveCfg = Debug|Any CPU
		{2860A5CF-61A3-4244-AC40-AD2DD5962899}.Debug|Any CPU.Build.0 = Debug|Any CPU
		{2860A5CF-61A3-4244-AC40-AD2DD5962899}.Debug|Mixed Platforms.ActiveCfg = Debug|Any CPU
		{2860A5CF-61A3-4244-AC40-AD2DD5962899}.Debug|Mixed Platforms.Build.0 = Debug|Any CPU
		{2860A5CF-61A3-4244-AC40-AD2DD5962899}.Debug|x86.ActiveCfg = Debug|Any CPU
		{2860A5CF-61A3-4244-AC40-AD2DD5962899}.Debug|x86.Build.0 = Debug|Any CPU
		{2860A5CF-61A3-4244-AC40-AD2DD5962899}.Release|Any CPU.ActiveCfg = Release|Any CPU
		{2860A5CF-61A3-4244-AC40-AD2DD5962899}.Release|Any CPU.Build.0 = Release|Any CPU
		{2860A5CF-61A3-4244-AC40-AD2DD5962899}.Release|Mixed Platforms.ActiveCfg = Release|Any CPU
		{2860A5CF-61A3-4244-AC40-AD2DD5962899}.Release|Mixed Platforms.Build.0 = Release|Any CPU
		{2860A5CF-61A3-4244-AC40-AD2DD5962899}.Release|x86.ActiveCfg = Release|Any CPU
		{2860A5CF-61A3-4244-AC40-AD2DD5962899}.Release|x86.Build.0 = Release|Any CPU
		{6FBB7B39-543F-48C3-A6D8-35F8E7E4522A}.Debug|Any CPU.ActiveCfg = Debug|Any CPU
		{6FBB7B39-543F-48C3-A6D8-35F8E7E4522A}.Debug|Any CPU.Build.0 = Debug|Any CPU
		{6FBB7B39-543F-48C3-A6D8-35F8E7E4522A}.Debug|Mixed Platforms.ActiveCfg = Debug|Any CPU
		{6FBB7B39-543F-48C3-A6D8-35F8E7E4522A}.Debug|Mixed Platforms.Build.0 = Debug|Any CPU
		{6FBB7B39-543F-48C3-A6D8-35F8E7E4522A}.Debug|x86.ActiveCfg = Debug|Any CPU
		{6FBB7B39-543F-48C3-A6D8-35F8E7E4522A}.Debug|x86.Build.0 = Debug|Any CPU
		{6FBB7B39-543F-48C3-A6D8-35F8E7E4522A}.Release|Any CPU.ActiveCfg = Release|Any CPU
		{6FBB7B39-543F-48C3-A6D8-35F8E7E4522A}.Release|Any CPU.Build.0 = Release|Any CPU
		{6FBB7B39-543F-48C3-A6D8-35F8E7E4522A}.Release|Mixed Platforms.ActiveCfg = Release|Any CPU
		{6FBB7B39-543F-48C3-A6D8-35F8E7E4522A}.Release|Mixed Platforms.Build.0 = Release|Any CPU
		{6FBB7B39-543F-48C3-A6D8-35F8E7E4522A}.Release|x86.ActiveCfg = Release|Any CPU
		{6FBB7B39-543F-48C3-A6D8-35F8E7E4522A}.Release|x86.Build.0 = Release|Any CPU
	EndGlobalSection
	GlobalSection(SolutionProperties) = preSolution
		HideSolutionNode = FALSE
	EndGlobalSection
	GlobalSection(ExtensibilityGlobals) = postSolution
		SolutionGuid = {0853A787-32A9-4BA3-8709-1E99CA257EB4}
	EndGlobalSection
EndGlobal
